// !$*UTF8*$!
{
	archiveVersion = 1;
	classes = {
	};
	objectVersion = 51;
	objects = {

/* Begin PBXBuildFile section */
		3802949123B24393006CCD95 /* AppDelegate.swift in Sources */ = {isa = PBXBuildFile; fileRef = 3802949023B24393006CCD95 /* AppDelegate.swift */; };
		3802949323B24393006CCD95 /* SceneDelegate.swift in Sources */ = {isa = PBXBuildFile; fileRef = 3802949223B24393006CCD95 /* SceneDelegate.swift */; };
		3802949823B24393006CCD95 /* Main.storyboard in Resources */ = {isa = PBXBuildFile; fileRef = 3802949623B24393006CCD95 /* Main.storyboard */; };
		3802949A23B24397006CCD95 /* Assets.xcassets in Resources */ = {isa = PBXBuildFile; fileRef = 3802949923B24397006CCD95 /* Assets.xcassets */; };
		3802949D23B24397006CCD95 /* LaunchScreen.storyboard in Resources */ = {isa = PBXBuildFile; fileRef = 3802949B23B24397006CCD95 /* LaunchScreen.storyboard */; };
		380294A523B24474006CCD95 /* GoogleService-Info.plist in Resources */ = {isa = PBXBuildFile; fileRef = 380294A423B24474006CCD95 /* GoogleService-Info.plist */; };
		3807E05E23B2D136007D07BC /* SignUpBasicsViewController.swift in Sources */ = {isa = PBXBuildFile; fileRef = 3807E05D23B2D136007D07BC /* SignUpBasicsViewController.swift */; };
		3807E06123B39611007D07BC /* Constants.swift in Sources */ = {isa = PBXBuildFile; fileRef = 3807E06023B39611007D07BC /* Constants.swift */; };
		3807E06323B39BD7007D07BC /* LocalNewsViewController.swift in Sources */ = {isa = PBXBuildFile; fileRef = 3807E06223B39BD7007D07BC /* LocalNewsViewController.swift */; };
		381FB9A323B91A4900ACC972 /* NewsArticleCardView.swift in Sources */ = {isa = PBXBuildFile; fileRef = 381FB9A223B91A4900ACC972 /* NewsArticleCardView.swift */; };
		381FB9A523BA1C8100ACC972 /* ProfileViewController.swift in Sources */ = {isa = PBXBuildFile; fileRef = 381FB9A423BA1C8100ACC972 /* ProfileViewController.swift */; };
		381FB9A723BB562700ACC972 /* SignUpInterestsViewController.swift in Sources */ = {isa = PBXBuildFile; fileRef = 381FB9A623BB562700ACC972 /* SignUpInterestsViewController.swift */; };
		381FB9A923BB9BE200ACC972 /* UserRepository.swift in Sources */ = {isa = PBXBuildFile; fileRef = 381FB9A823BB9BE200ACC972 /* UserRepository.swift */; };
		381FB9AB23BD4A1200ACC972 /* ForYouViewController.swift in Sources */ = {isa = PBXBuildFile; fileRef = 381FB9AA23BD4A1200ACC972 /* ForYouViewController.swift */; };
		381FB9AD23BD4ACB00ACC972 /* AllNewsTableViewCell.swift in Sources */ = {isa = PBXBuildFile; fileRef = 381FB9AC23BD4ACB00ACC972 /* AllNewsTableViewCell.swift */; };
		3841A84523B5FD1D0094040D /* News.swift in Sources */ = {isa = PBXBuildFile; fileRef = 3841A84423B5FD1D0094040D /* News.swift */; };
		3841A84723B5FECD0094040D /* README.md in Resources */ = {isa = PBXBuildFile; fileRef = 3841A84623B5FECD0094040D /* README.md */; };
		3841A84923B600F50094040D /* Networking.swift in Sources */ = {isa = PBXBuildFile; fileRef = 3841A84823B600F50094040D /* Networking.swift */; };
		389583AC23C3E8F700DF5DCD /* EditUserDetailsViewController.swift in Sources */ = {isa = PBXBuildFile; fileRef = 389583AB23C3E8F700DF5DCD /* EditUserDetailsViewController.swift */; };
		389583AE23C3E94500DF5DCD /* EditUserInterestsViewController.swift in Sources */ = {isa = PBXBuildFile; fileRef = 389583AD23C3E94500DF5DCD /* EditUserInterestsViewController.swift */; };
		389583B223C61EA900DF5DCD /* Protocols.swift in Sources */ = {isa = PBXBuildFile; fileRef = 389583B123C61EA900DF5DCD /* Protocols.swift */; };
		38C2E25523C76BB70065747A /* Extensions.swift in Sources */ = {isa = PBXBuildFile; fileRef = 38C2E25423C76BB70065747A /* Extensions.swift */; };
		38C2E25723C780560065747A /* SearchViewController.swift in Sources */ = {isa = PBXBuildFile; fileRef = 38C2E25623C780560065747A /* SearchViewController.swift */; };
		38CC12E623B2B91D009AA1E3 /* LoginViewController.swift in Sources */ = {isa = PBXBuildFile; fileRef = 38CC12E523B2B91D009AA1E3 /* LoginViewController.swift */; };
		38CC12E823B2BE5F009AA1E3 /* Styling.swift in Sources */ = {isa = PBXBuildFile; fileRef = 38CC12E723B2BE5F009AA1E3 /* Styling.swift */; };
		6BA844E8378A77DD40A1648F /* Pods_Feed_Me.framework in Frameworks */ = {isa = PBXBuildFile; fileRef = E3154B4B1A6583C5F6513519 /* Pods_Feed_Me.framework */; };
/* End PBXBuildFile section */

/* Begin PBXFileReference section */
		3802948D23B24393006CCD95 /* News Flash.app */ = {isa = PBXFileReference; explicitFileType = wrapper.application; includeInIndex = 0; path = "News Flash.app"; sourceTree = BUILT_PRODUCTS_DIR; };
		3802949023B24393006CCD95 /* AppDelegate.swift */ = {isa = PBXFileReference; lastKnownFileType = sourcecode.swift; path = AppDelegate.swift; sourceTree = "<group>"; };
		3802949223B24393006CCD95 /* SceneDelegate.swift */ = {isa = PBXFileReference; lastKnownFileType = sourcecode.swift; path = SceneDelegate.swift; sourceTree = "<group>"; };
		3802949723B24393006CCD95 /* Base */ = {isa = PBXFileReference; lastKnownFileType = file.storyboard; name = Base; path = Base.lproj/Main.storyboard; sourceTree = "<group>"; };
		3802949923B24397006CCD95 /* Assets.xcassets */ = {isa = PBXFileReference; lastKnownFileType = folder.assetcatalog; path = Assets.xcassets; sourceTree = "<group>"; };
		3802949C23B24397006CCD95 /* Base */ = {isa = PBXFileReference; lastKnownFileType = file.storyboard; name = Base; path = Base.lproj/LaunchScreen.storyboard; sourceTree = "<group>"; };
		3802949E23B24397006CCD95 /* Info.plist */ = {isa = PBXFileReference; lastKnownFileType = text.plist.xml; path = Info.plist; sourceTree = "<group>"; };
		380294A423B24474006CCD95 /* GoogleService-Info.plist */ = {isa = PBXFileReference; fileEncoding = 4; lastKnownFileType = text.plist.xml; path = "GoogleService-Info.plist"; sourceTree = "<group>"; };
		3807E05D23B2D136007D07BC /* SignUpBasicsViewController.swift */ = {isa = PBXFileReference; lastKnownFileType = sourcecode.swift; path = SignUpBasicsViewController.swift; sourceTree = "<group>"; };
		3807E06023B39611007D07BC /* Constants.swift */ = {isa = PBXFileReference; lastKnownFileType = sourcecode.swift; path = Constants.swift; sourceTree = "<group>"; };
		3807E06223B39BD7007D07BC /* LocalNewsViewController.swift */ = {isa = PBXFileReference; lastKnownFileType = sourcecode.swift; path = LocalNewsViewController.swift; sourceTree = "<group>"; };
		381FB9A223B91A4900ACC972 /* NewsArticleCardView.swift */ = {isa = PBXFileReference; lastKnownFileType = sourcecode.swift; path = NewsArticleCardView.swift; sourceTree = "<group>"; };
		381FB9A423BA1C8100ACC972 /* ProfileViewController.swift */ = {isa = PBXFileReference; lastKnownFileType = sourcecode.swift; path = ProfileViewController.swift; sourceTree = "<group>"; };
		381FB9A623BB562700ACC972 /* SignUpInterestsViewController.swift */ = {isa = PBXFileReference; lastKnownFileType = sourcecode.swift; path = SignUpInterestsViewController.swift; sourceTree = "<group>"; };
		381FB9A823BB9BE200ACC972 /* UserRepository.swift */ = {isa = PBXFileReference; lastKnownFileType = sourcecode.swift; path = UserRepository.swift; sourceTree = "<group>"; };
		381FB9AA23BD4A1200ACC972 /* ForYouViewController.swift */ = {isa = PBXFileReference; lastKnownFileType = sourcecode.swift; path = ForYouViewController.swift; sourceTree = "<group>"; };
		381FB9AC23BD4ACB00ACC972 /* AllNewsTableViewCell.swift */ = {isa = PBXFileReference; lastKnownFileType = sourcecode.swift; path = AllNewsTableViewCell.swift; sourceTree = "<group>"; };
		3841A84423B5FD1D0094040D /* News.swift */ = {isa = PBXFileReference; lastKnownFileType = sourcecode.swift; path = News.swift; sourceTree = "<group>"; };
		3841A84623B5FECD0094040D /* README.md */ = {isa = PBXFileReference; lastKnownFileType = net.daringfireball.markdown; path = README.md; sourceTree = "<group>"; };
		3841A84823B600F50094040D /* Networking.swift */ = {isa = PBXFileReference; lastKnownFileType = sourcecode.swift; path = Networking.swift; sourceTree = "<group>"; };
		389583AB23C3E8F700DF5DCD /* EditUserDetailsViewController.swift */ = {isa = PBXFileReference; lastKnownFileType = sourcecode.swift; path = EditUserDetailsViewController.swift; sourceTree = "<group>"; };
		389583AD23C3E94500DF5DCD /* EditUserInterestsViewController.swift */ = {isa = PBXFileReference; lastKnownFileType = sourcecode.swift; path = EditUserInterestsViewController.swift; sourceTree = "<group>"; };
		389583B123C61EA900DF5DCD /* Protocols.swift */ = {isa = PBXFileReference; lastKnownFileType = sourcecode.swift; path = Protocols.swift; sourceTree = "<group>"; };
		38C2E25423C76BB70065747A /* Extensions.swift */ = {isa = PBXFileReference; lastKnownFileType = sourcecode.swift; path = Extensions.swift; sourceTree = "<group>"; };
		38C2E25623C780560065747A /* SearchViewController.swift */ = {isa = PBXFileReference; lastKnownFileType = sourcecode.swift; path = SearchViewController.swift; sourceTree = "<group>"; };
		38CC12E523B2B91D009AA1E3 /* LoginViewController.swift */ = {isa = PBXFileReference; lastKnownFileType = sourcecode.swift; path = LoginViewController.swift; sourceTree = "<group>"; };
		38CC12E723B2BE5F009AA1E3 /* Styling.swift */ = {isa = PBXFileReference; lastKnownFileType = sourcecode.swift; path = Styling.swift; sourceTree = "<group>"; };
		A3108D283281997C28DE145B /* Pods-Feed Me.debug.xcconfig */ = {isa = PBXFileReference; includeInIndex = 1; lastKnownFileType = text.xcconfig; name = "Pods-Feed Me.debug.xcconfig"; path = "Target Support Files/Pods-Feed Me/Pods-Feed Me.debug.xcconfig"; sourceTree = "<group>"; };
		B8B2548FF6728476A197145E /* Pods-Feed Me.release.xcconfig */ = {isa = PBXFileReference; includeInIndex = 1; lastKnownFileType = text.xcconfig; name = "Pods-Feed Me.release.xcconfig"; path = "Target Support Files/Pods-Feed Me/Pods-Feed Me.release.xcconfig"; sourceTree = "<group>"; };
		E3154B4B1A6583C5F6513519 /* Pods_Feed_Me.framework */ = {isa = PBXFileReference; explicitFileType = wrapper.framework; includeInIndex = 0; path = Pods_Feed_Me.framework; sourceTree = BUILT_PRODUCTS_DIR; };
/* End PBXFileReference section */

/* Begin PBXFrameworksBuildPhase section */
		3802948A23B24393006CCD95 /* Frameworks */ = {
			isa = PBXFrameworksBuildPhase;
			buildActionMask = 2147483647;
			files = (
				6BA844E8378A77DD40A1648F /* Pods_Feed_Me.framework in Frameworks */,
			);
			runOnlyForDeploymentPostprocessing = 0;
		};
/* End PBXFrameworksBuildPhase section */

/* Begin PBXGroup section */
		18BA1CE7655CB3A5E9BA93B8 /* Pods */ = {
			isa = PBXGroup;
			children = (
				A3108D283281997C28DE145B /* Pods-Feed Me.debug.xcconfig */,
				B8B2548FF6728476A197145E /* Pods-Feed Me.release.xcconfig */,
			);
			path = Pods;
			sourceTree = "<group>";
		};
		3802948423B24393006CCD95 = {
			isa = PBXGroup;
			children = (
				3841A84623B5FECD0094040D /* README.md */,
				3802948F23B24393006CCD95 /* Feed Me */,
				3802948E23B24393006CCD95 /* Products */,
				18BA1CE7655CB3A5E9BA93B8 /* Pods */,
				F9C8E1825F2CDF51016334CE /* Frameworks */,
			);
			sourceTree = "<group>";
		};
		3802948E23B24393006CCD95 /* Products */ = {
			isa = PBXGroup;
			children = (
				3802948D23B24393006CCD95 /* News Flash.app */,
			);
			name = Products;
			sourceTree = "<group>";
		};
		3802948F23B24393006CCD95 /* Feed Me */ = {
			isa = PBXGroup;
			children = (
				3802949023B24393006CCD95 /* AppDelegate.swift */,
				3802949223B24393006CCD95 /* SceneDelegate.swift */,
				38CC12E423B2B8DF009AA1E3 /* Helpers */,
				38CC12E323B2B8D3009AA1E3 /* Models */,
				3896F83223B642D300BFF325 /* Views */,
				38CC12E223B2B8C3009AA1E3 /* Controllers */,
				3802949623B24393006CCD95 /* Main.storyboard */,
				3802949923B24397006CCD95 /* Assets.xcassets */,
				3802949B23B24397006CCD95 /* LaunchScreen.storyboard */,
				3802949E23B24397006CCD95 /* Info.plist */,
				380294A423B24474006CCD95 /* GoogleService-Info.plist */,
			);
			path = "Feed Me";
			sourceTree = "<group>";
		};
		3896F83223B642D300BFF325 /* Views */ = {
			isa = PBXGroup;
			children = (
				381FB9A223B91A4900ACC972 /* NewsArticleCardView.swift */,
				381FB9AC23BD4ACB00ACC972 /* AllNewsTableViewCell.swift */,
			);
			path = Views;
			sourceTree = "<group>";
		};
		38CC12E223B2B8C3009AA1E3 /* Controllers */ = {
			isa = PBXGroup;
			children = (
				38CC12E523B2B91D009AA1E3 /* LoginViewController.swift */,
				3807E05D23B2D136007D07BC /* SignUpBasicsViewController.swift */,
				381FB9A623BB562700ACC972 /* SignUpInterestsViewController.swift */,
				3807E06223B39BD7007D07BC /* LocalNewsViewController.swift */,
				381FB9A423BA1C8100ACC972 /* ProfileViewController.swift */,
				381FB9AA23BD4A1200ACC972 /* ForYouViewController.swift */,
				389583AB23C3E8F700DF5DCD /* EditUserDetailsViewController.swift */,
				389583AD23C3E94500DF5DCD /* EditUserInterestsViewController.swift */,
				38C2E25623C780560065747A /* SearchViewController.swift */,
			);
			path = Controllers;
			sourceTree = "<group>";
		};
		38CC12E323B2B8D3009AA1E3 /* Models */ = {
			isa = PBXGroup;
			children = (
				3841A84423B5FD1D0094040D /* News.swift */,
				3841A84823B600F50094040D /* Networking.swift */,
				381FB9A823BB9BE200ACC972 /* UserRepository.swift */,
			);
			path = Models;
			sourceTree = "<group>";
		};
		38CC12E423B2B8DF009AA1E3 /* Helpers */ = {
			isa = PBXGroup;
			children = (
				38CC12E723B2BE5F009AA1E3 /* Styling.swift */,
				3807E06023B39611007D07BC /* Constants.swift */,
				389583B123C61EA900DF5DCD /* Protocols.swift */,
				38C2E25423C76BB70065747A /* Extensions.swift */,
			);
			path = Helpers;
			sourceTree = "<group>";
		};
		F9C8E1825F2CDF51016334CE /* Frameworks */ = {
			isa = PBXGroup;
			children = (
				E3154B4B1A6583C5F6513519 /* Pods_Feed_Me.framework */,
			);
			name = Frameworks;
			sourceTree = "<group>";
		};
/* End PBXGroup section */

/* Begin PBXNativeTarget section */
		3802948C23B24393006CCD95 /* Feed Me */ = {
			isa = PBXNativeTarget;
			buildConfigurationList = 380294A123B24397006CCD95 /* Build configuration list for PBXNativeTarget "Feed Me" */;
			buildPhases = (
				45D67731DD581EF086839AAA /* [CP] Check Pods Manifest.lock */,
				3802948923B24393006CCD95 /* Sources */,
				3802948A23B24393006CCD95 /* Frameworks */,
				3802948B23B24393006CCD95 /* Resources */,
				023D88BD71886725CA96ACC1 /* [CP] Embed Pods Frameworks */,
			);
			buildRules = (
			);
			dependencies = (
			);
			name = "Feed Me";
			productName = "Feed Me";
			productReference = 3802948D23B24393006CCD95 /* News Flash.app */;
			productType = "com.apple.product-type.application";
		};
/* End PBXNativeTarget section */

/* Begin PBXProject section */
		3802948523B24393006CCD95 /* Project object */ = {
			isa = PBXProject;
			attributes = {
				LastSwiftUpdateCheck = 1130;
				LastUpgradeCheck = 1130;
				ORGANIZATIONNAME = "Emanuil Gospodinov";
				TargetAttributes = {
					3802948C23B24393006CCD95 = {
						CreatedOnToolsVersion = 11.3;
					};
				};
			};
			buildConfigurationList = 3802948823B24393006CCD95 /* Build configuration list for PBXProject "Feed Me" */;
			compatibilityVersion = "Xcode 9.3";
			developmentRegion = en;
			hasScannedForEncodings = 0;
			knownRegions = (
				en,
				Base,
			);
			mainGroup = 3802948423B24393006CCD95;
			productRefGroup = 3802948E23B24393006CCD95 /* Products */;
			projectDirPath = "";
			projectRoot = "";
			targets = (
				3802948C23B24393006CCD95 /* Feed Me */,
			);
		};
/* End PBXProject section */

/* Begin PBXResourcesBuildPhase section */
		3802948B23B24393006CCD95 /* Resources */ = {
			isa = PBXResourcesBuildPhase;
			buildActionMask = 2147483647;
			files = (
				3802949D23B24397006CCD95 /* LaunchScreen.storyboard in Resources */,
				380294A523B24474006CCD95 /* GoogleService-Info.plist in Resources */,
				3841A84723B5FECD0094040D /* README.md in Resources */,
				3802949A23B24397006CCD95 /* Assets.xcassets in Resources */,
				3802949823B24393006CCD95 /* Main.storyboard in Resources */,
			);
			runOnlyForDeploymentPostprocessing = 0;
		};
/* End PBXResourcesBuildPhase section */

/* Begin PBXShellScriptBuildPhase section */
		023D88BD71886725CA96ACC1 /* [CP] Embed Pods Frameworks */ = {
			isa = PBXShellScriptBuildPhase;
			buildActionMask = 2147483647;
			files = (
			);
			inputFileListPaths = (
				"${PODS_ROOT}/Target Support Files/Pods-Feed Me/Pods-Feed Me-frameworks-${CONFIGURATION}-input-files.xcfilelist",
			);
			name = "[CP] Embed Pods Frameworks";
			outputFileListPaths = (
				"${PODS_ROOT}/Target Support Files/Pods-Feed Me/Pods-Feed Me-frameworks-${CONFIGURATION}-output-files.xcfilelist",
			);
			runOnlyForDeploymentPostprocessing = 0;
			shellPath = /bin/sh;
			shellScript = "\"${PODS_ROOT}/Target Support Files/Pods-Feed Me/Pods-Feed Me-frameworks.sh\"\n";
			showEnvVarsInLog = 0;
		};
		45D67731DD581EF086839AAA /* [CP] Check Pods Manifest.lock */ = {
			isa = PBXShellScriptBuildPhase;
			buildActionMask = 2147483647;
			files = (
			);
			inputFileListPaths = (
			);
			inputPaths = (
				"${PODS_PODFILE_DIR_PATH}/Podfile.lock",
				"${PODS_ROOT}/Manifest.lock",
			);
			name = "[CP] Check Pods Manifest.lock";
			outputFileListPaths = (
			);
			outputPaths = (
				"$(DERIVED_FILE_DIR)/Pods-Feed Me-checkManifestLockResult.txt",
			);
			runOnlyForDeploymentPostprocessing = 0;
			shellPath = /bin/sh;
			shellScript = "diff \"${PODS_PODFILE_DIR_PATH}/Podfile.lock\" \"${PODS_ROOT}/Manifest.lock\" > /dev/null\nif [ $? != 0 ] ; then\n    # print error to STDERR\n    echo \"error: The sandbox is not in sync with the Podfile.lock. Run 'pod install' or update your CocoaPods installation.\" >&2\n    exit 1\nfi\n# This output is used by Xcode 'outputs' to avoid re-running this script phase.\necho \"SUCCESS\" > \"${SCRIPT_OUTPUT_FILE_0}\"\n";
			showEnvVarsInLog = 0;
		};
/* End PBXShellScriptBuildPhase section */

/* Begin PBXSourcesBuildPhase section */
		3802948923B24393006CCD95 /* Sources */ = {
			isa = PBXSourcesBuildPhase;
			buildActionMask = 2147483647;
			files = (
				381FB9A923BB9BE200ACC972 /* UserRepository.swift in Sources */,
				381FB9A723BB562700ACC972 /* SignUpInterestsViewController.swift in Sources */,
				3807E05E23B2D136007D07BC /* SignUpBasicsViewController.swift in Sources */,
				389583B223C61EA900DF5DCD /* Protocols.swift in Sources */,
				38CC12E823B2BE5F009AA1E3 /* Styling.swift in Sources */,
				3841A84523B5FD1D0094040D /* News.swift in Sources */,
				3841A84923B600F50094040D /* Networking.swift in Sources */,
				38C2E25523C76BB70065747A /* Extensions.swift in Sources */,
				38CC12E623B2B91D009AA1E3 /* LoginViewController.swift in Sources */,
				389583AE23C3E94500DF5DCD /* EditUserInterestsViewController.swift in Sources */,
				38C2E25723C780560065747A /* SearchViewController.swift in Sources */,
				3807E06323B39BD7007D07BC /* LocalNewsViewController.swift in Sources */,
				389583AC23C3E8F700DF5DCD /* EditUserDetailsViewController.swift in Sources */,
				381FB9A523BA1C8100ACC972 /* ProfileViewController.swift in Sources */,
				381FB9AD23BD4ACB00ACC972 /* AllNewsTableViewCell.swift in Sources */,
				3807E06123B39611007D07BC /* Constants.swift in Sources */,
				3802949123B24393006CCD95 /* AppDelegate.swift in Sources */,
				381FB9A323B91A4900ACC972 /* NewsArticleCardView.swift in Sources */,
				3802949323B24393006CCD95 /* SceneDelegate.swift in Sources */,
				381FB9AB23BD4A1200ACC972 /* ForYouViewController.swift in Sources */,
			);
			runOnlyForDeploymentPostprocessing = 0;
		};
/* End PBXSourcesBuildPhase section */

/* Begin PBXVariantGroup section */
		3802949623B24393006CCD95 /* Main.storyboard */ = {
			isa = PBXVariantGroup;
			children = (
				3802949723B24393006CCD95 /* Base */,
			);
			name = Main.storyboard;
			sourceTree = "<group>";
		};
		3802949B23B24397006CCD95 /* LaunchScreen.storyboard */ = {
			isa = PBXVariantGroup;
			children = (
				3802949C23B24397006CCD95 /* Base */,
			);
			name = LaunchScreen.storyboard;
			sourceTree = "<group>";
		};
/* End PBXVariantGroup section */

/* Begin XCBuildConfiguration section */
		3802949F23B24397006CCD95 /* Debug */ = {
			isa = XCBuildConfiguration;
			buildSettings = {
				ALWAYS_SEARCH_USER_PATHS = NO;
				CLANG_ANALYZER_NONNULL = YES;
				CLANG_ANALYZER_NUMBER_OBJECT_CONVERSION = YES_AGGRESSIVE;
				CLANG_CXX_LANGUAGE_STANDARD = "gnu++14";
				CLANG_CXX_LIBRARY = "libc++";
				CLANG_ENABLE_MODULES = YES;
				CLANG_ENABLE_OBJC_ARC = YES;
				CLANG_ENABLE_OBJC_WEAK = YES;
				CLANG_WARN_BLOCK_CAPTURE_AUTORELEASING = YES;
				CLANG_WARN_BOOL_CONVERSION = YES;
				CLANG_WARN_COMMA = YES;
				CLANG_WARN_CONSTANT_CONVERSION = YES;
				CLANG_WARN_DEPRECATED_OBJC_IMPLEMENTATIONS = YES;
				CLANG_WARN_DIRECT_OBJC_ISA_USAGE = YES_ERROR;
				CLANG_WARN_DOCUMENTATION_COMMENTS = YES;
				CLANG_WARN_EMPTY_BODY = YES;
				CLANG_WARN_ENUM_CONVERSION = YES;
				CLANG_WARN_INFINITE_RECURSION = YES;
				CLANG_WARN_INT_CONVERSION = YES;
				CLANG_WARN_NON_LITERAL_NULL_CONVERSION = YES;
				CLANG_WARN_OBJC_IMPLICIT_RETAIN_SELF = YES;
				CLANG_WARN_OBJC_LITERAL_CONVERSION = YES;
				CLANG_WARN_OBJC_ROOT_CLASS = YES_ERROR;
				CLANG_WARN_RANGE_LOOP_ANALYSIS = YES;
				CLANG_WARN_STRICT_PROTOTYPES = YES;
				CLANG_WARN_SUSPICIOUS_MOVE = YES;
				CLANG_WARN_UNGUARDED_AVAILABILITY = YES_AGGRESSIVE;
				CLANG_WARN_UNREACHABLE_CODE = YES;
				CLANG_WARN__DUPLICATE_METHOD_MATCH = YES;
				COPY_PHASE_STRIP = NO;
				DEBUG_INFORMATION_FORMAT = dwarf;
				ENABLE_STRICT_OBJC_MSGSEND = YES;
				ENABLE_TESTABILITY = YES;
				GCC_C_LANGUAGE_STANDARD = gnu11;
				GCC_DYNAMIC_NO_PIC = NO;
				GCC_NO_COMMON_BLOCKS = YES;
				GCC_OPTIMIZATION_LEVEL = 0;
				GCC_PREPROCESSOR_DEFINITIONS = (
					"DEBUG=1",
					"$(inherited)",
				);
				GCC_WARN_64_TO_32_BIT_CONVERSION = YES;
				GCC_WARN_ABOUT_RETURN_TYPE = YES_ERROR;
				GCC_WARN_UNDECLARED_SELECTOR = YES;
				GCC_WARN_UNINITIALIZED_AUTOS = YES_AGGRESSIVE;
				GCC_WARN_UNUSED_FUNCTION = YES;
				GCC_WARN_UNUSED_VARIABLE = YES;
				IPHONEOS_DEPLOYMENT_TARGET = 13.2;
				MTL_ENABLE_DEBUG_INFO = INCLUDE_SOURCE;
				MTL_FAST_MATH = YES;
				ONLY_ACTIVE_ARCH = YES;
				SDKROOT = iphoneos;
				SWIFT_ACTIVE_COMPILATION_CONDITIONS = DEBUG;
				SWIFT_OPTIMIZATION_LEVEL = "-Onone";
			};
			name = Debug;
		};
		380294A023B24397006CCD95 /* Release */ = {
			isa = XCBuildConfiguration;
			buildSettings = {
				ALWAYS_SEARCH_USER_PATHS = NO;
				CLANG_ANALYZER_NONNULL = YES;
				CLANG_ANALYZER_NUMBER_OBJECT_CONVERSION = YES_AGGRESSIVE;
				CLANG_CXX_LANGUAGE_STANDARD = "gnu++14";
				CLANG_CXX_LIBRARY = "libc++";
				CLANG_ENABLE_MODULES = YES;
				CLANG_ENABLE_OBJC_ARC = YES;
				CLANG_ENABLE_OBJC_WEAK = YES;
				CLANG_WARN_BLOCK_CAPTURE_AUTORELEASING = YES;
				CLANG_WARN_BOOL_CONVERSION = YES;
				CLANG_WARN_COMMA = YES;
				CLANG_WARN_CONSTANT_CONVERSION = YES;
				CLANG_WARN_DEPRECATED_OBJC_IMPLEMENTATIONS = YES;
				CLANG_WARN_DIRECT_OBJC_ISA_USAGE = YES_ERROR;
				CLANG_WARN_DOCUMENTATION_COMMENTS = YES;
				CLANG_WARN_EMPTY_BODY = YES;
				CLANG_WARN_ENUM_CONVERSION = YES;
				CLANG_WARN_INFINITE_RECURSION = YES;
				CLANG_WARN_INT_CONVERSION = YES;
				CLANG_WARN_NON_LITERAL_NULL_CONVERSION = YES;
				CLANG_WARN_OBJC_IMPLICIT_RETAIN_SELF = YES;
				CLANG_WARN_OBJC_LITERAL_CONVERSION = YES;
				CLANG_WARN_OBJC_ROOT_CLASS = YES_ERROR;
				CLANG_WARN_RANGE_LOOP_ANALYSIS = YES;
				CLANG_WARN_STRICT_PROTOTYPES = YES;
				CLANG_WARN_SUSPICIOUS_MOVE = YES;
				CLANG_WARN_UNGUARDED_AVAILABILITY = YES_AGGRESSIVE;
				CLANG_WARN_UNREACHABLE_CODE = YES;
				CLANG_WARN__DUPLICATE_METHOD_MATCH = YES;
				COPY_PHASE_STRIP = NO;
				DEBUG_INFORMATION_FORMAT = "dwarf-with-dsym";
				ENABLE_NS_ASSERTIONS = NO;
				ENABLE_STRICT_OBJC_MSGSEND = YES;
				GCC_C_LANGUAGE_STANDARD = gnu11;
				GCC_NO_COMMON_BLOCKS = YES;
				GCC_WARN_64_TO_32_BIT_CONVERSION = YES;
				GCC_WARN_ABOUT_RETURN_TYPE = YES_ERROR;
				GCC_WARN_UNDECLARED_SELECTOR = YES;
				GCC_WARN_UNINITIALIZED_AUTOS = YES_AGGRESSIVE;
				GCC_WARN_UNUSED_FUNCTION = YES;
				GCC_WARN_UNUSED_VARIABLE = YES;
				IPHONEOS_DEPLOYMENT_TARGET = 13.2;
				MTL_ENABLE_DEBUG_INFO = NO;
				MTL_FAST_MATH = YES;
				SDKROOT = iphoneos;
				SWIFT_COMPILATION_MODE = wholemodule;
				SWIFT_OPTIMIZATION_LEVEL = "-O";
				VALIDATE_PRODUCT = YES;
			};
			name = Release;
		};
		380294A223B24397006CCD95 /* Debug */ = {
			isa = XCBuildConfiguration;
			baseConfigurationReference = A3108D283281997C28DE145B /* Pods-Feed Me.debug.xcconfig */;
			buildSettings = {
				ASSETCATALOG_COMPILER_APPICON_NAME = AppIcon;
				CODE_SIGN_STYLE = Automatic;
				DEVELOPMENT_TEAM = 225CU5X283;
				INFOPLIST_FILE = "Feed Me/Info.plist";
				LD_RUNPATH_SEARCH_PATHS = (
					"$(inherited)",
					"@executable_path/Frameworks",
				);
				PRODUCT_BUNDLE_IDENTIFIER = "Emanuil-Gospodinov.Feed-Me";
				PRODUCT_NAME = "News Flash";
				SWIFT_VERSION = 5.0;
				TARGETED_DEVICE_FAMILY = "1,2";
			};
			name = Debug;
		};
		380294A323B24397006CCD95 /* Release */ = {
			isa = XCBuildConfiguration;
			baseConfigurationReference = B8B2548FF6728476A197145E /* Pods-Feed Me.release.xcconfig */;
			buildSettings = {
				ASSETCATALOG_COMPILER_APPICON_NAME = AppIcon;
				CODE_SIGN_STYLE = Automatic;
				DEVELOPMENT_TEAM = 225CU5X283;
				INFOPLIST_FILE = "Feed Me/Info.plist";
				LD_RUNPATH_SEARCH_PATHS = (
					"$(inherited)",
					"@executable_path/Frameworks",
				);
				PRODUCT_BUNDLE_IDENTIFIER = "Emanuil-Gospodinov.Feed-Me";
				PRODUCT_NAME = "News Flash";
				SWIFT_VERSION = 5.0;
				TARGETED_DEVICE_FAMILY = "1,2";
			};
			name = Release;
		};
/* End XCBuildConfiguration section */

/* Begin XCConfigurationList section */
		3802948823B24393006CCD95 /* Build configuration list for PBXProject "Feed Me" */ = {
			isa = XCConfigurationList;
			buildConfigurations = (
				3802949F23B24397006CCD95 /* Debug */,
				380294A023B24397006CCD95 /* Release */,
			);
			defaultConfigurationIsVisible = 0;
			defaultConfigurationName = Release;
		};
		380294A123B24397006CCD95 /* Build configuration list for PBXNativeTarget "Feed Me" */ = {
			isa = XCConfigurationList;
			buildConfigurations = (
				380294A223B24397006CCD95 /* Debug */,
				380294A323B24397006CCD95 /* Release */,
			);
			defaultConfigurationIsVisible = 0;
			defaultConfigurationName = Release;
		};
/* End XCConfigurationList section */
	};
	rootObject = 3802948523B24393006CCD95 /* Project object */;
}
